
Microsoft Visual Studio Solution File, Format Version 12.00
# Visual Studio Version 16
VisualStudioVersion = 16.0.32106.194
MinimumVisualStudioVersion = 10.0.40219.1
Project("{FAE04EC0-301F-11D3-BF4B-00C04F79EFBC}") = "TRMDataManager", "TRMDataManager\TRMDataManager.csproj", "{75A50C73-A915-4665-A848-3C5B0EA496B1}"
EndProject
Project("{00D1A9C2-B5F0-4AF3-8072-F6C62B433612}") = "TRMData", "TRMData\TRMData.sqlproj", "{C2921497-381A-4B8D-9A1B-CAC37B867654}"
EndProject
Project("{FAE04EC0-301F-11D3-BF4B-00C04F79EFBC}") = "TRMDesktopUI", "TRMDesktopUI\TRMDesktopUI.csproj", "{2C4422D7-1B86-4EC1-8FEC-5357793F2459}"
EndProject
Project("{9A19103F-16F7-4668-BE54-9A1E7A4F7556}") = "TRMDataManager.Library", "TRMDataManager.Library\TRMDataManager.Library.csproj", "{16A00D13-1065-40E2-B035-D47A3F5CD0CD}"
EndProject
Project("{9A19103F-16F7-4668-BE54-9A1E7A4F7556}") = "TRMDesktopUI.Library", "TRMDesktopUI.Library\TRMDesktopUI.Library.csproj", "{7B560410-E22F-463D-A620-DF0B2FA56B3E}"
EndProject
Project("{2150E333-8FDC-42A3-9474-1A3956D46DE8}") = "Database", "Database", "{6AE377D3-73ED-4389-9E66-890699C69EE1}"
EndProject
Project("{2150E333-8FDC-42A3-9474-1A3956D46DE8}") = "API", "API", "{9BCB3806-80EA-48D9-BC7E-D385BB475C63}"
EndProject
Project("{2150E333-8FDC-42A3-9474-1A3956D46DE8}") = "WPF", "WPF", "{16127ACA-DD50-4722-B5D7-8CF3C95A6FB7}"
EndProject
Project("{FAE04EC0-301F-11D3-BF4B-00C04F79EFBC}") = "TRMApi", "TRMApi\TRMApi.csproj", "{503AD92F-CCCC-4D07-905E-8723332E8BFD}"
EndProject
Global
	GlobalSection(SolutionConfigurationPlatforms) = preSolution
		Debug|Any CPU = Debug|Any CPU
		Release|Any CPU = Release|Any CPU
	EndGlobalSection
	GlobalSection(ProjectConfigurationPlatforms) = postSolution
		{75A50C73-A915-4665-A848-3C5B0EA496B1}.Debug|Any CPU.ActiveCfg = Debug|Any CPU
		{75A50C73-A915-4665-A848-3C5B0EA496B1}.Debug|Any CPU.Build.0 = Debug|Any CPU
		{75A50C73-A915-4665-A848-3C5B0EA496B1}.Release|Any CPU.ActiveCfg = Release|Any CPU
		{75A50C73-A915-4665-A848-3C5B0EA496B1}.Release|Any CPU.Build.0 = Release|Any CPU
		{C2921497-381A-4B8D-9A1B-CAC37B867654}.Debug|Any CPU.ActiveCfg = Debug|Any CPU
		{C2921497-381A-4B8D-9A1B-CAC37B867654}.Debug|Any CPU.Build.0 = Debug|Any CPU
		{C2921497-381A-4B8D-9A1B-CAC37B867654}.Debug|Any CPU.Deploy.0 = Debug|Any CPU
		{C2921497-381A-4B8D-9A1B-CAC37B867654}.Release|Any CPU.ActiveCfg = Release|Any CPU
		{C2921497-381A-4B8D-9A1B-CAC37B867654}.Release|Any CPU.Build.0 = Release|Any CPU
		{C2921497-381A-4B8D-9A1B-CAC37B867654}.Release|Any CPU.Deploy.0 = Release|Any CPU
		{2C4422D7-1B86-4EC1-8FEC-5357793F2459}.Debug|Any CPU.ActiveCfg = Debug|Any CPU
		{2C4422D7-1B86-4EC1-8FEC-5357793F2459}.Debug|Any CPU.Build.0 = Debug|Any CPU
		{2C4422D7-1B86-4EC1-8FEC-5357793F2459}.Release|Any CPU.ActiveCfg = Release|Any CPU
		{2C4422D7-1B86-4EC1-8FEC-5357793F2459}.Release|Any CPU.Build.0 = Release|Any CPU
		{16A00D13-1065-40E2-B035-D47A3F5CD0CD}.Debug|Any CPU.ActiveCfg = Debug|Any CPU
		{16A00D13-1065-40E2-B035-D47A3F5CD0CD}.Debug|Any CPU.Build.0 = Debug|Any CPU
		{16A00D13-1065-40E2-B035-D47A3F5CD0CD}.Release|Any CPU.ActiveCfg = Release|Any CPU
		{16A00D13-1065-40E2-B035-D47A3F5CD0CD}.Release|Any CPU.Build.0 = Release|Any CPU
		{7B560410-E22F-463D-A620-DF0B2FA56B3E}.Debug|Any CPU.ActiveCfg = Debug|Any CPU
		{7B560410-E22F-463D-A620-DF0B2FA56B3E}.Debug|Any CPU.Build.0 = Debug|Any CPU
		{7B560410-E22F-463D-A620-DF0B2FA56B3E}.Release|Any CPU.ActiveCfg = Release|Any CPU
		{7B560410-E22F-463D-A620-DF0B2FA56B3E}.Release|Any CPU.Build.0 = Release|Any CPU
		{503AD92F-CCCC-4D07-905E-8723332E8BFD}.Debug|Any CPU.ActiveCfg = Debug|Any CPU
		{503AD92F-CCCC-4D07-905E-8723332E8BFD}.Debug|Any CPU.Build.0 = Debug|Any CPU
		{503AD92F-CCCC-4D07-905E-8723332E8BFD}.Release|Any CPU.ActiveCfg = Release|Any CPU
		{503AD92F-CCCC-4D07-905E-8723332E8BFD}.Release|Any CPU.Build.0 = Release|Any CPU
	EndGlobalSection
	GlobalSection(SolutionProperties) = preSolution
		HideSolutionNode = FALSE
	EndGlobalSection
	GlobalSection(NestedProjects) = preSolution
		{75A50C73-A915-4665-A848-3C5B0EA496B1} = {9BCB3806-80EA-48D9-BC7E-D385BB475C63}
		{C2921497-381A-4B8D-9A1B-CAC37B867654} = {6AE377D3-73ED-4389-9E66-890699C69EE1}
		{2C4422D7-1B86-4EC1-8FEC-5357793F2459} = {16127ACA-DD50-4722-B5D7-8CF3C95A6FB7}
		{16A00D13-1065-40E2-B035-D47A3F5CD0CD} = {9BCB3806-80EA-48D9-BC7E-D385BB475C63}
		{7B560410-E22F-463D-A620-DF0B2FA56B3E} = {16127ACA-DD50-4722-B5D7-8CF3C95A6FB7}
		{503AD92F-CCCC-4D07-905E-8723332E8BFD} = {9BCB3806-80EA-48D9-BC7E-D385BB475C63}
	EndGlobalSection
	GlobalSection(ExtensibilityGlobals) = postSolution
		SolutionGuid = {45CB3275-77B8-4B64-A7A0-B0A6240EBA1F}
	EndGlobalSection
EndGlobal
